
Microsoft Visual Studio Solution File, Format Version 12.00
# Visual Studio Version 17
VisualStudioVersion = 17.3.32819.101
MinimumVisualStudioVersion = 10.0.40219.1
Project("{FAE04EC0-301F-11D3-BF4B-00C04F79EFBC}") = "PinjamBuku", "PinjamBuku.csproj", "{1F9B2362-09A7-4C33-9D37-B4694C967CF7}"
EndProject
Global
	GlobalSection(SolutionConfigurationPlatforms) = preSolution
		Debug|Any CPU = Debug|Any CPU
		Release|Any CPU = Release|Any CPU
	EndGlobalSection
	GlobalSection(ProjectConfigurationPlatforms) = postSolution
		{1F9B2362-09A7-4C33-9D37-B4694C967CF7}.Debug|Any CPU.ActiveCfg = Debug|Any CPU
		{1F9B2362-09A7-4C33-9D37-B4694C967CF7}.Debug|Any CPU.Build.0 = Debug|Any CPU
		{1F9B2362-09A7-4C33-9D37-B4694C967CF7}.Release|Any CPU.ActiveCfg = Release|Any CPU
		{1F9B2362-09A7-4C33-9D37-B4694C967CF7}.Release|Any CPU.Build.0 = Release|Any CPU
	EndGlobalSection
	GlobalSection(SolutionProperties) = preSolution
		HideSolutionNode = FALSE
	EndGlobalSection
	GlobalSection(ExtensibilityGlobals) = postSolution
		SolutionGuid = {67DEDF59-8799-4174-930C-123E57CF1FEC}
	EndGlobalSection
EndGlobal
